
Microsoft Visual Studio Solution File, Format Version 12.00
# Visual Studio Version 17
VisualStudioVersion = 17.6.33815.320
MinimumVisualStudioVersion = 10.0.40219.1
Project("{8BC9CEB8-8B4A-11D0-8D11-00A0C91BC942}") = "binaryTree", "binaryTree\binaryTree.vcxproj", "{A6F3749E-A130-4654-BED5-C53C38BD379F}"
EndProject
Project("{8BC9CEB8-8B4A-11D0-8D11-00A0C91BC942}") = "Haffman", "Haffman\Haffman.vcxproj", "{6A5F9633-E916-48B5-AE71-345C95F4AE7C}"
EndProject
Project("{8BC9CEB8-8B4A-11D0-8D11-00A0C91BC942}") = "FileSort", "FileSort\FileSort.vcxproj", "{843501C6-32D8-4CA6-8A0E-7895253065F9}"
EndProject
Project("{8BC9CEB8-8B4A-11D0-8D11-00A0C91BC942}") = "binarySearchTree", "binarySearchTree\binarySearchTree.vcxproj", "{39C547DF-7393-4D75-81B6-05C53359EAA9}"
EndProject
Project("{8BC9CEB8-8B4A-11D0-8D11-00A0C91BC942}") = "Project1", "Project1\Project1.vcxproj", "{716A12E1-CAC3-44CF-B8EF-273CF8A72BEB}"
EndProject
Global
	GlobalSection(SolutionConfigurationPlatforms) = preSolution
		Debug|x64 = Debug|x64
		Debug|x86 = Debug|x86
		Release|x64 = Release|x64
		Release|x86 = Release|x86
	EndGlobalSection
	GlobalSection(ProjectConfigurationPlatforms) = postSolution
		{A6F3749E-A130-4654-BED5-C53C38BD379F}.Debug|x64.ActiveCfg = Debug|x64
		{A6F3749E-A130-4654-BED5-C53C38BD379F}.Debug|x64.Build.0 = Debug|x64
		{A6F3749E-A130-4654-BED5-C53C38BD379F}.Debug|x86.ActiveCfg = Debug|Win32
		{A6F3749E-A130-4654-BED5-C53C38BD379F}.Debug|x86.Build.0 = Debug|Win32
		{A6F3749E-A130-4654-BED5-C53C38BD379F}.Release|x64.ActiveCfg = Release|x64
		{A6F3749E-A130-4654-BED5-C53C38BD379F}.Release|x64.Build.0 = Release|x64
		{A6F3749E-A130-4654-BED5-C53C38BD379F}.Release|x86.ActiveCfg = Release|Win32
		{A6F3749E-A130-4654-BED5-C53C38BD379F}.Release|x86.Build.0 = Release|Win32
		{6A5F9633-E916-48B5-AE71-345C95F4AE7C}.Debug|x64.ActiveCfg = Debug|x64
		{6A5F9633-E916-48B5-AE71-345C95F4AE7C}.Debug|x64.Build.0 = Debug|x64
		{6A5F9633-E916-48B5-AE71-345C95F4AE7C}.Debug|x86.ActiveCfg = Debug|Win32
		{6A5F9633-E916-48B5-AE71-345C95F4AE7C}.Debug|x86.Build.0 = Debug|Win32
		{6A5F9633-E916-48B5-AE71-345C95F4AE7C}.Release|x64.ActiveCfg = Release|x64
		{6A5F9633-E916-48B5-AE71-345C95F4AE7C}.Release|x64.Build.0 = Release|x64
		{6A5F9633-E916-48B5-AE71-345C95F4AE7C}.Release|x86.ActiveCfg = Release|Win32
		{6A5F9633-E916-48B5-AE71-345C95F4AE7C}.Release|x86.Build.0 = Release|Win32
		{843501C6-32D8-4CA6-8A0E-7895253065F9}.Debug|x64.ActiveCfg = Debug|x64
		{843501C6-32D8-4CA6-8A0E-7895253065F9}.Debug|x64.Build.0 = Debug|x64
		{843501C6-32D8-4CA6-8A0E-7895253065F9}.Debug|x86.ActiveCfg = Debug|Win32
		{843501C6-32D8-4CA6-8A0E-7895253065F9}.Debug|x86.Build.0 = Debug|Win32
		{843501C6-32D8-4CA6-8A0E-7895253065F9}.Release|x64.ActiveCfg = Release|x64
		{843501C6-32D8-4CA6-8A0E-7895253065F9}.Release|x64.Build.0 = Release|x64
		{843501C6-32D8-4CA6-8A0E-7895253065F9}.Release|x86.ActiveCfg = Release|Win32
		{843501C6-32D8-4CA6-8A0E-7895253065F9}.Release|x86.Build.0 = Release|Win32
		{39C547DF-7393-4D75-81B6-05C53359EAA9}.Debug|x64.ActiveCfg = Debug|x64
		{39C547DF-7393-4D75-81B6-05C53359EAA9}.Debug|x64.Build.0 = Debug|x64
		{39C547DF-7393-4D75-81B6-05C53359EAA9}.Debug|x86.ActiveCfg = Debug|Win32
		{39C547DF-7393-4D75-81B6-05C53359EAA9}.Debug|x86.Build.0 = Debug|Win32
		{39C547DF-7393-4D75-81B6-05C53359EAA9}.Release|x64.ActiveCfg = Release|x64
		{39C547DF-7393-4D75-81B6-05C53359EAA9}.Release|x64.Build.0 = Release|x64
		{39C547DF-7393-4D75-81B6-05C53359EAA9}.Release|x86.ActiveCfg = Release|Win32
		{39C547DF-7393-4D75-81B6-05C53359EAA9}.Release|x86.Build.0 = Release|Win32
		{716A12E1-CAC3-44CF-B8EF-273CF8A72BEB}.Debug|x64.ActiveCfg = Debug|x64
		{716A12E1-CAC3-44CF-B8EF-273CF8A72BEB}.Debug|x64.Build.0 = Debug|x64
		{716A12E1-CAC3-44CF-B8EF-273CF8A72BEB}.Debug|x86.ActiveCfg = Debug|Win32
		{716A12E1-CAC3-44CF-B8EF-273CF8A72BEB}.Debug|x86.Build.0 = Debug|Win32
		{716A12E1-CAC3-44CF-B8EF-273CF8A72BEB}.Release|x64.ActiveCfg = Release|x64
		{716A12E1-CAC3-44CF-B8EF-273CF8A72BEB}.Release|x64.Build.0 = Release|x64
		{716A12E1-CAC3-44CF-B8EF-273CF8A72BEB}.Release|x86.ActiveCfg = Release|Win32
		{716A12E1-CAC3-44CF-B8EF-273CF8A72BEB}.Release|x86.Build.0 = Release|Win32
	EndGlobalSection
	GlobalSection(SolutionProperties) = preSolution
		HideSolutionNode = FALSE
	EndGlobalSection
	GlobalSection(ExtensibilityGlobals) = postSolution
		SolutionGuid = {9FB70657-FB2E-476B-AD57-89CB6424562F}
	EndGlobalSection
EndGlobal
